
Microsoft Visual Studio Solution File, Format Version 12.00
# Visual Studio Version 17
VisualStudioVersion = 17.5.002.0
MinimumVisualStudioVersion = 10.0.40219.1
Project("{9A19103F-16F7-4668-BE54-9A1E7A4F7556}") = "Bored", "Bored.csproj", "{CFF1D633-D602-4FF6-8231-C30203DEA1D2}"
EndProject
Global
	GlobalSection(SolutionConfigurationPlatforms) = preSolution
		Debug|Any CPU = Debug|Any CPU
		Release|Any CPU = Release|Any CPU
	EndGlobalSection
	GlobalSection(ProjectConfigurationPlatforms) = postSolution
		{CFF1D633-D602-4FF6-8231-C30203DEA1D2}.Debug|Any CPU.ActiveCfg = Debug|Any CPU
		{CFF1D633-D602-4FF6-8231-C30203DEA1D2}.Debug|Any CPU.Build.0 = Debug|Any CPU
		{CFF1D633-D602-4FF6-8231-C30203DEA1D2}.Release|Any CPU.ActiveCfg = Release|Any CPU
		{CFF1D633-D602-4FF6-8231-C30203DEA1D2}.Release|Any CPU.Build.0 = Release|Any CPU
	EndGlobalSection
	GlobalSection(SolutionProperties) = preSolution
		HideSolutionNode = FALSE
	EndGlobalSection
	GlobalSection(ExtensibilityGlobals) = postSolution
		SolutionGuid = {5EFE2F7C-7627-478F-92E0-233D64C19D77}
	EndGlobalSection
EndGlobal
